{
  "name": "slopsquat-victim",
  "version": "1.0.0",
  "lockfileVersion": 3,
  "requires": true,
  "packages": {
    "": {
      "name": "slopsquat-victim",
      "version": "1.0.0",
      "dependencies": {
        "python-asyncio-utils": "file:../malicious-packages/python-asyncio-utils"
      }
    },
    "../malicious-packages/python-asyncio-utils": {
      "version": "1.0.0",
      "license": "MIT"
    },
    "node_modules/python-asyncio-utils": {
      "resolved": "../malicious-packages/python-asyncio-utils",
      "link": true
    }
  }
}
