{
  "name": "provenance-victim",
  "version": "1.0.0",
  "lockfileVersion": 3,
  "requires": true,
  "packages": {
    "": {
      "name": "provenance-victim",
      "version": "1.0.0",
      "dependencies": {
        "widget-lib": "file:../packages/widget-lib-1.0.1"
      }
    },
    "../packages/widget-lib-1.0.1": {
      "name": "widget-lib",
      "version": "1.0.1",
      "license": "MIT"
    },
    "node_modules/widget-lib": {
      "resolved": "../packages/widget-lib-1.0.1",
      "link": true
    }
  }
}
